
Microsoft Visual Studio Solution File, Format Version 12.00
# Visual Studio 15
VisualStudioVersion = 15.0.28307.1433
MinimumVisualStudioVersion = 10.0.40219.1
Project("{FAE04EC0-301F-11D3-BF4B-00C04F79EFBC}") = "ShopBridgeApi", "ShopBridgeApi\ShopBridgeApi.csproj", "{4191759D-201A-4AEE-AB8E-8FBE0B623435}"
EndProject
Global
	GlobalSection(SolutionConfigurationPlatforms) = preSolution
		Debug|Any CPU = Debug|Any CPU
		Release|Any CPU = Release|Any CPU
	EndGlobalSection
	GlobalSection(ProjectConfigurationPlatforms) = postSolution
		{4191759D-201A-4AEE-AB8E-8FBE0B623435}.Debug|Any CPU.ActiveCfg = Debug|Any CPU
		{4191759D-201A-4AEE-AB8E-8FBE0B623435}.Debug|Any CPU.Build.0 = Debug|Any CPU
		{4191759D-201A-4AEE-AB8E-8FBE0B623435}.Release|Any CPU.ActiveCfg = Release|Any CPU
		{4191759D-201A-4AEE-AB8E-8FBE0B623435}.Release|Any CPU.Build.0 = Release|Any CPU
	EndGlobalSection
	GlobalSection(SolutionProperties) = preSolution
		HideSolutionNode = FALSE
	EndGlobalSection
	GlobalSection(ExtensibilityGlobals) = postSolution
		SolutionGuid = {242E0A94-899E-420F-B556-575AC6CAB006}
	EndGlobalSection
EndGlobal
